
Microsoft Visual Studio Solution File, Format Version 12.00
# Visual Studio Version 17
VisualStudioVersion = 17.6.33829.357
MinimumVisualStudioVersion = 10.0.40219.1
Project("{8BC9CEB8-8B4A-11D0-8D11-00A0C91BC942}") = "smart_pointers", "smart_pointers\smart_pointers.vcxproj", "{4841909F-096F-49BB-A794-0D53BFC524C2}"
EndProject
Global
	GlobalSection(SolutionConfigurationPlatforms) = preSolution
		Debug|x64 = Debug|x64
		Debug|x86 = Debug|x86
		Release|x64 = Release|x64
		Release|x86 = Release|x86
	EndGlobalSection
	GlobalSection(ProjectConfigurationPlatforms) = postSolution
		{4841909F-096F-49BB-A794-0D53BFC524C2}.Debug|x64.ActiveCfg = Debug|x64
		{4841909F-096F-49BB-A794-0D53BFC524C2}.Debug|x64.Build.0 = Debug|x64
		{4841909F-096F-49BB-A794-0D53BFC524C2}.Debug|x86.ActiveCfg = Debug|Win32
		{4841909F-096F-49BB-A794-0D53BFC524C2}.Debug|x86.Build.0 = Debug|Win32
		{4841909F-096F-49BB-A794-0D53BFC524C2}.Release|x64.ActiveCfg = Release|x64
		{4841909F-096F-49BB-A794-0D53BFC524C2}.Release|x64.Build.0 = Release|x64
		{4841909F-096F-49BB-A794-0D53BFC524C2}.Release|x86.ActiveCfg = Release|Win32
		{4841909F-096F-49BB-A794-0D53BFC524C2}.Release|x86.Build.0 = Release|Win32
	EndGlobalSection
	GlobalSection(SolutionProperties) = preSolution
		HideSolutionNode = FALSE
	EndGlobalSection
	GlobalSection(ExtensibilityGlobals) = postSolution
		SolutionGuid = {597FB589-9796-4D7B-9AA6-01B4ACDC1990}
	EndGlobalSection
EndGlobal
